github.com/asdine/storm v2.1.2+incompatible h1:dczuIkyqwY2LrtXPz8ixMrU/OFgZp71kbKTHGrXYt/Q=
github.com/asdine/storm v2.1.2+incompatible/go.mod h1:RarYDc9hq1UPLImuiXK3BIWPJLdIygvV3PsInK0FbVQ=
github.com/derekparker/delve v1.1.0 h1:icd65nMp7s2HiLz6y/6RCVXBdoED3xxYLwX09EMaRCc=
github.com/derekparker/delve v1.1.0/go.mod h1:pMSZMfp0Nhbm8qdZJkuE/yPGOkLpGXLS1I4poXQpuJU=
go.etcd.io/bbolt v1.3.0 h1:oY10fI923Q5pVCVt1GBTZMn8LHo5M+RCInFpeMnV4QI=
go.etcd.io/bbolt v1.3.0/go.mod h1:IbVyRI1SCnLcuJnV2u8VeU0CEYM7e686BmAb1XKL+uU=
